{
  "name": "@public-commons/mcp-streamable-http-conformance",
  "version": "0.1.0",
  "lockfileVersion": 3,
  "requires": true,
  "packages": {
    "": {
      "name": "@public-commons/mcp-streamable-http-conformance",
      "version": "0.1.0",
      "license": "MIT",
      "bin": {
        "mcp-http-conformance": "src/cli.mjs"
      },
      "engines": {
        "node": ">=20"
      }
    }
  }
}
